
Microsoft Visual Studio Solution File, Format Version 12.00
# Visual Studio Version 16
VisualStudioVersion = 16.0.29519.181
MinimumVisualStudioVersion = 10.0.40219.1
Project("{FAE04EC0-301F-11D3-BF4B-00C04F79EFBC}") = "ValueTuples", "ValueTuples\ValueTuples.csproj", "{F212BB41-27A8-43FA-B781-5A74076F0D05}"
EndProject
Global
	GlobalSection(SolutionConfigurationPlatforms) = preSolution
		Debug|Any CPU = Debug|Any CPU
		Release|Any CPU = Release|Any CPU
	EndGlobalSection
	GlobalSection(ProjectConfigurationPlatforms) = postSolution
		{F212BB41-27A8-43FA-B781-5A74076F0D05}.Debug|Any CPU.ActiveCfg = Debug|Any CPU
		{F212BB41-27A8-43FA-B781-5A74076F0D05}.Debug|Any CPU.Build.0 = Debug|Any CPU
		{F212BB41-27A8-43FA-B781-5A74076F0D05}.Release|Any CPU.ActiveCfg = Release|Any CPU
		{F212BB41-27A8-43FA-B781-5A74076F0D05}.Release|Any CPU.Build.0 = Release|Any CPU
	EndGlobalSection
	GlobalSection(SolutionProperties) = preSolution
		HideSolutionNode = FALSE
	EndGlobalSection
	GlobalSection(ExtensibilityGlobals) = postSolution
		SolutionGuid = {5ED4271F-2766-44BA-9959-A9B969568F94}
	EndGlobalSection
EndGlobal
